
Microsoft Visual Studio Solution File, Format Version 12.00
# Visual Studio 15
VisualStudioVersion = 15.0.28010.0
MinimumVisualStudioVersion = 10.0.40219.1
Project("{9A19103F-16F7-4668-BE54-9A1E7A4F7556}") = "TravelAgent.Web", "TravelAgent.Web\TravelAgent.Web.csproj", "{30304654-685E-4D76-93E3-9DFA3C8CD453}"
EndProject
Project("{9A19103F-16F7-4668-BE54-9A1E7A4F7556}") = "TravelAgent.Data", "TravelAgent.Data\TravelAgent.Data.csproj", "{2B5101A5-2EFC-4431-9D43-E9964CFB6C4E}"
EndProject
Project("{9A19103F-16F7-4668-BE54-9A1E7A4F7556}") = "TravelAgent.Services", "TravelAgent.Services\TravelAgent.Services.csproj", "{E947742C-3733-4073-B0CE-EEB3D09A4819}"
EndProject
Global
	GlobalSection(SolutionConfigurationPlatforms) = preSolution
		Debug|Any CPU = Debug|Any CPU
		Release|Any CPU = Release|Any CPU
	EndGlobalSection
	GlobalSection(ProjectConfigurationPlatforms) = postSolution
		{30304654-685E-4D76-93E3-9DFA3C8CD453}.Debug|Any CPU.ActiveCfg = Debug|Any CPU
		{30304654-685E-4D76-93E3-9DFA3C8CD453}.Debug|Any CPU.Build.0 = Debug|Any CPU
		{30304654-685E-4D76-93E3-9DFA3C8CD453}.Release|Any CPU.ActiveCfg = Release|Any CPU
		{30304654-685E-4D76-93E3-9DFA3C8CD453}.Release|Any CPU.Build.0 = Release|Any CPU
		{2B5101A5-2EFC-4431-9D43-E9964CFB6C4E}.Debug|Any CPU.ActiveCfg = Debug|Any CPU
		{2B5101A5-2EFC-4431-9D43-E9964CFB6C4E}.Debug|Any CPU.Build.0 = Debug|Any CPU
		{2B5101A5-2EFC-4431-9D43-E9964CFB6C4E}.Release|Any CPU.ActiveCfg = Release|Any CPU
		{2B5101A5-2EFC-4431-9D43-E9964CFB6C4E}.Release|Any CPU.Build.0 = Release|Any CPU
		{E947742C-3733-4073-B0CE-EEB3D09A4819}.Debug|Any CPU.ActiveCfg = Debug|Any CPU
		{E947742C-3733-4073-B0CE-EEB3D09A4819}.Debug|Any CPU.Build.0 = Debug|Any CPU
		{E947742C-3733-4073-B0CE-EEB3D09A4819}.Release|Any CPU.ActiveCfg = Release|Any CPU
		{E947742C-3733-4073-B0CE-EEB3D09A4819}.Release|Any CPU.Build.0 = Release|Any CPU
	EndGlobalSection
	GlobalSection(SolutionProperties) = preSolution
		HideSolutionNode = FALSE
	EndGlobalSection
	GlobalSection(ExtensibilityGlobals) = postSolution
		SolutionGuid = {6370DE35-3E99-4850-898E-60D844F0EF0C}
	EndGlobalSection
EndGlobal
